
Microsoft Visual Studio Solution File, Format Version 12.00
# Visual Studio 15
VisualStudioVersion = 15.0.27428.2037
MinimumVisualStudioVersion = 10.0.40219.1
Project("{2150E333-8FDC-42A3-9474-1A3956D46DE8}") = "Services", "Services", "{831365A0-DE1D-4FBA-91BA-6BA1C76780C7}"
EndProject
Project("{2150E333-8FDC-42A3-9474-1A3956D46DE8}") = "Core", "Core", "{A6C7CA38-0CCD-45B7-9C43-A309764240BC}"
EndProject
Project("{9A19103F-16F7-4668-BE54-9A1E7A4F7556}") = "CMSCore.Shared.Abstractions", "Core\CMSCore.Shared.Abstractions\CMSCore.Shared.Abstractions.csproj", "{5AC0C438-7235-488C-9854-48ACB969B766}"
EndProject
Project("{9A19103F-16F7-4668-BE54-9A1E7A4F7556}") = "CMSCore.Shared.Configuration", "Core\CMSCore.Shared.Configuration\CMSCore.Shared.Configuration.csproj", "{A7E50F47-2D01-4CDC-AB03-AEC45BAAE4CA}"
EndProject
Project("{2150E333-8FDC-42A3-9474-1A3956D46DE8}") = "Content", "Content", "{F16F3837-AAE3-4EC7-97AB-EC2F271417FF}"
EndProject
Project("{2150E333-8FDC-42A3-9474-1A3956D46DE8}") = "Identity", "Identity", "{4FB65BDB-57D9-48B5-AD29-BA9097FEFCF5}"
EndProject
Project("{9A19103F-16F7-4668-BE54-9A1E7A4F7556}") = "CMSCore.Content.Data", "Services\Content\CMSCore.Content.Data\CMSCore.Content.Data.csproj", "{233CF3BE-D6E2-4FC0-8162-49BE485A07B2}"
EndProject
Project("{9A19103F-16F7-4668-BE54-9A1E7A4F7556}") = "CMSCore.Content.GrainInterfaces", "Services\Content\CMSCore.Content.GrainInterfaces\CMSCore.Content.GrainInterfaces.csproj", "{F033C60B-5D9E-46C1-947D-19AA4F3A3CDA}"
EndProject
Project("{9A19103F-16F7-4668-BE54-9A1E7A4F7556}") = "CMSCore.Content.Grains", "Services\Content\CMSCore.Content.Grains\CMSCore.Content.Grains.csproj", "{008676F7-F5EA-4EB9-ABD2-0BA28885C4D6}"
EndProject
Project("{9A19103F-16F7-4668-BE54-9A1E7A4F7556}") = "CMSCore.Content.Models", "Services\Content\CMSCore.Content.Models\CMSCore.Content.Models.csproj", "{C9C9CEA6-5AF0-42DC-B58A-7A664FED4BDC}"
EndProject
Project("{9A19103F-16F7-4668-BE54-9A1E7A4F7556}") = "CMSCore.Content.Silo", "Services\Content\CMSCore.Content.Silo\CMSCore.Content.Silo.csproj", "{35D2B1D0-8A2A-4ECD-B3BB-1C1EB778DC03}"
EndProject
Project("{9A19103F-16F7-4668-BE54-9A1E7A4F7556}") = "CMSCore.Identity.Data", "Services\Identity\CMSCore.Identity.Data\CMSCore.Identity.Data.csproj", "{AAC82EF2-9330-4826-A63C-36F18FD8E868}"
EndProject
Project("{9A19103F-16F7-4668-BE54-9A1E7A4F7556}") = "CMSCore.Identity.GrainInterfaces", "Services\Identity\CMSCore.Identity.GrainInterfaces\CMSCore.Identity.GrainInterfaces.csproj", "{08EDE138-5C71-4A19-9BFE-C7FE7B75407B}"
EndProject
Project("{9A19103F-16F7-4668-BE54-9A1E7A4F7556}") = "CMSCore.Identity.Models", "Services\Identity\CMSCore.Identity.Models\CMSCore.Identity.Models.csproj", "{792458CB-8EE0-45A0-A5D7-9C12193592DF}"
EndProject
Project("{9A19103F-16F7-4668-BE54-9A1E7A4F7556}") = "CMSCore.Identity.Grains", "Services\Identity\CMSCore.Identity.Grains\CMSCore.Identity.Grains.csproj", "{8AE5D2B9-BAB5-4DD4-8E2F-77742CBC114F}"
EndProject
Project("{9A19103F-16F7-4668-BE54-9A1E7A4F7556}") = "CMSCore.Identity.Silo", "Services\Identity\CMSCore.Identity.Silo\CMSCore.Identity.Silo.csproj", "{0E9C75C1-D2F1-415F-9B1B-46303A38FE64}"
EndProject
Project("{2150E333-8FDC-42A3-9474-1A3956D46DE8}") = "Web", "Web", "{B700299A-E7EC-42A8-A62E-69FD581D884A}"
EndProject
Project("{9A19103F-16F7-4668-BE54-9A1E7A4F7556}") = "CMSCore.Content.Api", "Web\CMSCore.Content.Api\CMSCore.Content.Api.csproj", "{227FE2FF-F25B-4362-B60D-0A3F9D193F86}"
EndProject
Project("{2150E333-8FDC-42A3-9474-1A3956D46DE8}") = "Shared", "Shared", "{A6E3DF04-C9CF-4C72-8294-7874EBA96D4E}"
EndProject
Project("{9A19103F-16F7-4668-BE54-9A1E7A4F7556}") = "CMSCore.Shared.Services", "Core\CMSCore.Shared.Services\CMSCore.Shared.Services.csproj", "{8E7EAAD3-9A12-4E6D-842D-23A9F4869B47}"
EndProject
Project("{2150E333-8FDC-42A3-9474-1A3956D46DE8}") = "Shared", "Shared", "{02A3AF4F-13E5-4744-B3F2-355EA9879210}"
EndProject
Project("{2150E333-8FDC-42A3-9474-1A3956D46DE8}") = "Tests", "Tests", "{8C302AC3-1592-42FB-916C-2E8F4ECEFA39}"
EndProject
Project("{9A19103F-16F7-4668-BE54-9A1E7A4F7556}") = "CMSCore.Content.Grains.Tests", "..\tests\CMSCore.Content.Grains.Tests\CMSCore.Content.Grains.Tests.csproj", "{222D04C3-558F-4FBA-B146-1112D5D4C6CA}"
EndProject
Project("{9A19103F-16F7-4668-BE54-9A1E7A4F7556}") = "CMSCore.Shared.Types.Tests", "..\tests\CMSCore.Shared.Types.Tests\CMSCore.Shared.Types.Tests.csproj", "{3DFB8767-AC5B-49F8-A349-9CA337269D36}"
EndProject
Project("{9A19103F-16F7-4668-BE54-9A1E7A4F7556}") = "CMSCore.Content.Services", "Services\Content\CMSCore.Content.Services\CMSCore.Content.Services.csproj", "{F80BD9A0-2C0F-4D26-8038-31B56894DA7B}"
EndProject
Global
	GlobalSection(SolutionConfigurationPlatforms) = preSolution
		Debug|Any CPU = Debug|Any CPU
		Release|Any CPU = Release|Any CPU
	EndGlobalSection
	GlobalSection(ProjectConfigurationPlatforms) = postSolution
		{5AC0C438-7235-488C-9854-48ACB969B766}.Debug|Any CPU.ActiveCfg = Debug|Any CPU
		{5AC0C438-7235-488C-9854-48ACB969B766}.Debug|Any CPU.Build.0 = Debug|Any CPU
		{5AC0C438-7235-488C-9854-48ACB969B766}.Release|Any CPU.ActiveCfg = Release|Any CPU
		{5AC0C438-7235-488C-9854-48ACB969B766}.Release|Any CPU.Build.0 = Release|Any CPU
		{A7E50F47-2D01-4CDC-AB03-AEC45BAAE4CA}.Debug|Any CPU.ActiveCfg = Debug|Any CPU
		{A7E50F47-2D01-4CDC-AB03-AEC45BAAE4CA}.Debug|Any CPU.Build.0 = Debug|Any CPU
		{A7E50F47-2D01-4CDC-AB03-AEC45BAAE4CA}.Release|Any CPU.ActiveCfg = Release|Any CPU
		{A7E50F47-2D01-4CDC-AB03-AEC45BAAE4CA}.Release|Any CPU.Build.0 = Release|Any CPU
		{233CF3BE-D6E2-4FC0-8162-49BE485A07B2}.Debug|Any CPU.ActiveCfg = Debug|Any CPU
		{233CF3BE-D6E2-4FC0-8162-49BE485A07B2}.Debug|Any CPU.Build.0 = Debug|Any CPU
		{233CF3BE-D6E2-4FC0-8162-49BE485A07B2}.Release|Any CPU.ActiveCfg = Release|Any CPU
		{233CF3BE-D6E2-4FC0-8162-49BE485A07B2}.Release|Any CPU.Build.0 = Release|Any CPU
		{F033C60B-5D9E-46C1-947D-19AA4F3A3CDA}.Debug|Any CPU.ActiveCfg = Debug|Any CPU
		{F033C60B-5D9E-46C1-947D-19AA4F3A3CDA}.Debug|Any CPU.Build.0 = Debug|Any CPU
		{F033C60B-5D9E-46C1-947D-19AA4F3A3CDA}.Release|Any CPU.ActiveCfg = Release|Any CPU
		{F033C60B-5D9E-46C1-947D-19AA4F3A3CDA}.Release|Any CPU.Build.0 = Release|Any CPU
		{008676F7-F5EA-4EB9-ABD2-0BA28885C4D6}.Debug|Any CPU.ActiveCfg = Debug|Any CPU
		{008676F7-F5EA-4EB9-ABD2-0BA28885C4D6}.Debug|Any CPU.Build.0 = Debug|Any CPU
		{008676F7-F5EA-4EB9-ABD2-0BA28885C4D6}.Release|Any CPU.ActiveCfg = Release|Any CPU
		{008676F7-F5EA-4EB9-ABD2-0BA28885C4D6}.Release|Any CPU.Build.0 = Release|Any CPU
		{C9C9CEA6-5AF0-42DC-B58A-7A664FED4BDC}.Debug|Any CPU.ActiveCfg = Debug|Any CPU
		{C9C9CEA6-5AF0-42DC-B58A-7A664FED4BDC}.Debug|Any CPU.Build.0 = Debug|Any CPU
		{C9C9CEA6-5AF0-42DC-B58A-7A664FED4BDC}.Release|Any CPU.ActiveCfg = Release|Any CPU
		{C9C9CEA6-5AF0-42DC-B58A-7A664FED4BDC}.Release|Any CPU.Build.0 = Release|Any CPU
		{35D2B1D0-8A2A-4ECD-B3BB-1C1EB778DC03}.Debug|Any CPU.ActiveCfg = Debug|Any CPU
		{35D2B1D0-8A2A-4ECD-B3BB-1C1EB778DC03}.Debug|Any CPU.Build.0 = Debug|Any CPU
		{35D2B1D0-8A2A-4ECD-B3BB-1C1EB778DC03}.Release|Any CPU.ActiveCfg = Release|Any CPU
		{35D2B1D0-8A2A-4ECD-B3BB-1C1EB778DC03}.Release|Any CPU.Build.0 = Release|Any CPU
		{AAC82EF2-9330-4826-A63C-36F18FD8E868}.Debug|Any CPU.ActiveCfg = Debug|Any CPU
		{AAC82EF2-9330-4826-A63C-36F18FD8E868}.Debug|Any CPU.Build.0 = Debug|Any CPU
		{AAC82EF2-9330-4826-A63C-36F18FD8E868}.Release|Any CPU.ActiveCfg = Release|Any CPU
		{AAC82EF2-9330-4826-A63C-36F18FD8E868}.Release|Any CPU.Build.0 = Release|Any CPU
		{08EDE138-5C71-4A19-9BFE-C7FE7B75407B}.Debug|Any CPU.ActiveCfg = Debug|Any CPU
		{08EDE138-5C71-4A19-9BFE-C7FE7B75407B}.Debug|Any CPU.Build.0 = Debug|Any CPU
		{08EDE138-5C71-4A19-9BFE-C7FE7B75407B}.Release|Any CPU.ActiveCfg = Release|Any CPU
		{08EDE138-5C71-4A19-9BFE-C7FE7B75407B}.Release|Any CPU.Build.0 = Release|Any CPU
		{792458CB-8EE0-45A0-A5D7-9C12193592DF}.Debug|Any CPU.ActiveCfg = Debug|Any CPU
		{792458CB-8EE0-45A0-A5D7-9C12193592DF}.Debug|Any CPU.Build.0 = Debug|Any CPU
		{792458CB-8EE0-45A0-A5D7-9C12193592DF}.Release|Any CPU.ActiveCfg = Release|Any CPU
		{792458CB-8EE0-45A0-A5D7-9C12193592DF}.Release|Any CPU.Build.0 = Release|Any CPU
		{8AE5D2B9-BAB5-4DD4-8E2F-77742CBC114F}.Debug|Any CPU.ActiveCfg = Debug|Any CPU
		{8AE5D2B9-BAB5-4DD4-8E2F-77742CBC114F}.Debug|Any CPU.Build.0 = Debug|Any CPU
		{8AE5D2B9-BAB5-4DD4-8E2F-77742CBC114F}.Release|Any CPU.ActiveCfg = Release|Any CPU
		{8AE5D2B9-BAB5-4DD4-8E2F-77742CBC114F}.Release|Any CPU.Build.0 = Release|Any CPU
		{0E9C75C1-D2F1-415F-9B1B-46303A38FE64}.Debug|Any CPU.ActiveCfg = Debug|Any CPU
		{0E9C75C1-D2F1-415F-9B1B-46303A38FE64}.Debug|Any CPU.Build.0 = Debug|Any CPU
		{0E9C75C1-D2F1-415F-9B1B-46303A38FE64}.Release|Any CPU.ActiveCfg = Release|Any CPU
		{0E9C75C1-D2F1-415F-9B1B-46303A38FE64}.Release|Any CPU.Build.0 = Release|Any CPU
		{227FE2FF-F25B-4362-B60D-0A3F9D193F86}.Debug|Any CPU.ActiveCfg = Debug|Any CPU
		{227FE2FF-F25B-4362-B60D-0A3F9D193F86}.Debug|Any CPU.Build.0 = Debug|Any CPU
		{227FE2FF-F25B-4362-B60D-0A3F9D193F86}.Release|Any CPU.ActiveCfg = Release|Any CPU
		{227FE2FF-F25B-4362-B60D-0A3F9D193F86}.Release|Any CPU.Build.0 = Release|Any CPU
		{8E7EAAD3-9A12-4E6D-842D-23A9F4869B47}.Debug|Any CPU.ActiveCfg = Debug|Any CPU
		{8E7EAAD3-9A12-4E6D-842D-23A9F4869B47}.Debug|Any CPU.Build.0 = Debug|Any CPU
		{8E7EAAD3-9A12-4E6D-842D-23A9F4869B47}.Release|Any CPU.ActiveCfg = Release|Any CPU
		{8E7EAAD3-9A12-4E6D-842D-23A9F4869B47}.Release|Any CPU.Build.0 = Release|Any CPU
		{222D04C3-558F-4FBA-B146-1112D5D4C6CA}.Debug|Any CPU.ActiveCfg = Debug|Any CPU
		{222D04C3-558F-4FBA-B146-1112D5D4C6CA}.Debug|Any CPU.Build.0 = Debug|Any CPU
		{222D04C3-558F-4FBA-B146-1112D5D4C6CA}.Release|Any CPU.ActiveCfg = Release|Any CPU
		{222D04C3-558F-4FBA-B146-1112D5D4C6CA}.Release|Any CPU.Build.0 = Release|Any CPU
		{3DFB8767-AC5B-49F8-A349-9CA337269D36}.Debug|Any CPU.ActiveCfg = Debug|Any CPU
		{3DFB8767-AC5B-49F8-A349-9CA337269D36}.Debug|Any CPU.Build.0 = Debug|Any CPU
		{3DFB8767-AC5B-49F8-A349-9CA337269D36}.Release|Any CPU.ActiveCfg = Release|Any CPU
		{3DFB8767-AC5B-49F8-A349-9CA337269D36}.Release|Any CPU.Build.0 = Release|Any CPU
		{F80BD9A0-2C0F-4D26-8038-31B56894DA7B}.Debug|Any CPU.ActiveCfg = Debug|Any CPU
		{F80BD9A0-2C0F-4D26-8038-31B56894DA7B}.Debug|Any CPU.Build.0 = Debug|Any CPU
		{F80BD9A0-2C0F-4D26-8038-31B56894DA7B}.Release|Any CPU.ActiveCfg = Release|Any CPU
		{F80BD9A0-2C0F-4D26-8038-31B56894DA7B}.Release|Any CPU.Build.0 = Release|Any CPU
	EndGlobalSection
	GlobalSection(SolutionProperties) = preSolution
		HideSolutionNode = FALSE
	EndGlobalSection
	GlobalSection(NestedProjects) = preSolution
		{5AC0C438-7235-488C-9854-48ACB969B766} = {A6C7CA38-0CCD-45B7-9C43-A309764240BC}
		{A7E50F47-2D01-4CDC-AB03-AEC45BAAE4CA} = {A6C7CA38-0CCD-45B7-9C43-A309764240BC}
		{F16F3837-AAE3-4EC7-97AB-EC2F271417FF} = {831365A0-DE1D-4FBA-91BA-6BA1C76780C7}
		{4FB65BDB-57D9-48B5-AD29-BA9097FEFCF5} = {831365A0-DE1D-4FBA-91BA-6BA1C76780C7}
		{233CF3BE-D6E2-4FC0-8162-49BE485A07B2} = {A6E3DF04-C9CF-4C72-8294-7874EBA96D4E}
		{F033C60B-5D9E-46C1-947D-19AA4F3A3CDA} = {F16F3837-AAE3-4EC7-97AB-EC2F271417FF}
		{008676F7-F5EA-4EB9-ABD2-0BA28885C4D6} = {F16F3837-AAE3-4EC7-97AB-EC2F271417FF}
		{C9C9CEA6-5AF0-42DC-B58A-7A664FED4BDC} = {A6E3DF04-C9CF-4C72-8294-7874EBA96D4E}
		{35D2B1D0-8A2A-4ECD-B3BB-1C1EB778DC03} = {F16F3837-AAE3-4EC7-97AB-EC2F271417FF}
		{AAC82EF2-9330-4826-A63C-36F18FD8E868} = {02A3AF4F-13E5-4744-B3F2-355EA9879210}
		{08EDE138-5C71-4A19-9BFE-C7FE7B75407B} = {4FB65BDB-57D9-48B5-AD29-BA9097FEFCF5}
		{792458CB-8EE0-45A0-A5D7-9C12193592DF} = {02A3AF4F-13E5-4744-B3F2-355EA9879210}
		{8AE5D2B9-BAB5-4DD4-8E2F-77742CBC114F} = {4FB65BDB-57D9-48B5-AD29-BA9097FEFCF5}
		{0E9C75C1-D2F1-415F-9B1B-46303A38FE64} = {4FB65BDB-57D9-48B5-AD29-BA9097FEFCF5}
		{227FE2FF-F25B-4362-B60D-0A3F9D193F86} = {B700299A-E7EC-42A8-A62E-69FD581D884A}
		{A6E3DF04-C9CF-4C72-8294-7874EBA96D4E} = {F16F3837-AAE3-4EC7-97AB-EC2F271417FF}
		{8E7EAAD3-9A12-4E6D-842D-23A9F4869B47} = {A6C7CA38-0CCD-45B7-9C43-A309764240BC}
		{02A3AF4F-13E5-4744-B3F2-355EA9879210} = {4FB65BDB-57D9-48B5-AD29-BA9097FEFCF5}
		{222D04C3-558F-4FBA-B146-1112D5D4C6CA} = {8C302AC3-1592-42FB-916C-2E8F4ECEFA39}
		{3DFB8767-AC5B-49F8-A349-9CA337269D36} = {8C302AC3-1592-42FB-916C-2E8F4ECEFA39}
		{F80BD9A0-2C0F-4D26-8038-31B56894DA7B} = {A6E3DF04-C9CF-4C72-8294-7874EBA96D4E}
	EndGlobalSection
	GlobalSection(ExtensibilityGlobals) = postSolution
		SolutionGuid = {CC3134EA-38ED-4160-9535-4D7E30AC85A0}
	EndGlobalSection
EndGlobal
